
Microsoft Visual Studio Solution File, Format Version 12.00
# Visual Studio 15
VisualStudioVersion = 15.0.27130.2003
MinimumVisualStudioVersion = 10.0.40219.1
Project("{888888A0-9F3D-457C-B088-3A5042F75D52}") = "MachineLearningProject", "MachineLearningProject\MachineLearningProject.pyproj", "{9FB6C7A4-EEE0-4F1D-B764-EF7EC7B30B6B}"
EndProject
Global
	GlobalSection(SolutionConfigurationPlatforms) = preSolution
		Debug|Any CPU = Debug|Any CPU
		Release|Any CPU = Release|Any CPU
	EndGlobalSection
	GlobalSection(ProjectConfigurationPlatforms) = postSolution
		{9FB6C7A4-EEE0-4F1D-B764-EF7EC7B30B6B}.Debug|Any CPU.ActiveCfg = Debug|Any CPU
		{9FB6C7A4-EEE0-4F1D-B764-EF7EC7B30B6B}.Release|Any CPU.ActiveCfg = Release|Any CPU
	EndGlobalSection
	GlobalSection(SolutionProperties) = preSolution
		HideSolutionNode = FALSE
	EndGlobalSection
	GlobalSection(ExtensibilityGlobals) = postSolution
		SolutionGuid = {03229D7A-73A6-4382-97EB-96DA34C3814D}
	EndGlobalSection
EndGlobal
